# THIS IS AN AUTOGENERATED FILE. DO NOT EDIT THIS FILE DIRECTLY.
# yarn lockfile v1


agent-base@^4.3.0:
  version "4.3.0"
  resolved "https://registry.npmjs.org/agent-base/-/agent-base-4.3.0.tgz"
  dependencies:
    es6-promisify "^5.0.0"

async-limiter@~1.0.0:
  version "1.0.0"
  resolved "https://registry.npmjs.org/async-limiter/-/async-limiter-1.0.0.tgz"

bufferutil@^4.0.1:
  version "4.0.1"
  resolved "https://registry.npmjs.org/bufferutil/-/bufferutil-4.0.1.tgz"
  dependencies:
    node-gyp-build "~3.7.0"

debug@^3.1.0:
  version "3.2.7"
  resolved "https://registry.yarnpkg.com/debug/-/debug-3.2.7.tgz#72580b7e9145fb39b6676f9c5e5fb100b934179a"
  dependencies:
    ms "^2.1.1"

es6-promise@^4.0.3:
  version "4.2.8"
  resolved "https://registry.npmjs.org/es6-promise/-/es6-promise-4.2.8.tgz"

es6-promisify@^5.0.0:
  version "5.0.0"
  resolved "https://registry.npmjs.org/es6-promisify/-/es6-promisify-5.0.0.tgz"
  dependencies:
    es6-promise "^4.0.3"

https-proxy-agent@^2.2.1:
  version "2.2.4"
  resolved "https://registry.npmjs.org/https-proxy-agent/-/https-proxy-agent-2.2.4.tgz"
  dependencies:
    agent-base "^4.3.0"
    debug "^3.1.0"

minimist@^1.2.0:
  version "1.2.6"
  resolved "https://registry.npmjs.org/minimist/-/minimist-1.2.6.tgz"

ms@^2.1.1:
  version "2.1.1"
  resolved "https://registry.npmjs.org/ms/-/ms-2.1.1.tgz"

node-gyp-build@~3.7.0:
  version "3.7.0"
  resolved "https://registry.npmjs.org/node-gyp-build/-/node-gyp-build-3.7.0.tgz"

ws@^6.1.4:
  version "6.2.2"
  resolved "https://registry.npmjs.org/ws/-/ws-6.2.2.tgz"
  dependencies:
    async-limiter "~1.0.0"
